
Microsoft Visual Studio Solution File, Format Version 12.00
# Visual Studio 15
VisualStudioVersion = 15.0.27428.2005
MinimumVisualStudioVersion = 10.0.40219.1
Project("{FAE04EC0-301F-11D3-BF4B-00C04F79EFBC}") = "Vacancies", "Vacancies\Vacancies.csproj", "{48C9E797-600B-429C-B336-4FE01EBD5554}"
EndProject
Global
	GlobalSection(SolutionConfigurationPlatforms) = preSolution
		Debug|Any CPU = Debug|Any CPU
		Release|Any CPU = Release|Any CPU
	EndGlobalSection
	GlobalSection(ProjectConfigurationPlatforms) = postSolution
		{48C9E797-600B-429C-B336-4FE01EBD5554}.Debug|Any CPU.ActiveCfg = Debug|Any CPU
		{48C9E797-600B-429C-B336-4FE01EBD5554}.Debug|Any CPU.Build.0 = Debug|Any CPU
		{48C9E797-600B-429C-B336-4FE01EBD5554}.Release|Any CPU.ActiveCfg = Release|Any CPU
		{48C9E797-600B-429C-B336-4FE01EBD5554}.Release|Any CPU.Build.0 = Release|Any CPU
	EndGlobalSection
	GlobalSection(SolutionProperties) = preSolution
		HideSolutionNode = FALSE
	EndGlobalSection
	GlobalSection(ExtensibilityGlobals) = postSolution
		SolutionGuid = {E07110FE-8BB8-4281-B5BE-B5CEFED3B29A}
	EndGlobalSection
EndGlobal
